
Microsoft Visual Studio Solution File, Format Version 12.00
# Visual Studio 2013
VisualStudioVersion = 12.0.31101.0
MinimumVisualStudioVersion = 10.0.40219.1
Project("{FAE04EC0-301F-11D3-BF4B-00C04F79EFBC}") = "01DeclareVariables", "01DeclareVariables\01DeclareVariables.csproj", "{2D4260EC-9295-40E9-A81C-09ADCFD8CA32}"
EndProject
Project("{FAE04EC0-301F-11D3-BF4B-00C04F79EFBC}") = "02FloatOrDouble", "02FloatOrDouble\02FloatOrDouble.csproj", "{2E656749-A06D-44DC-996F-573566BCB913}"
EndProject
Project("{FAE04EC0-301F-11D3-BF4B-00C04F79EFBC}") = "03VariableInHexadecimalFormat", "03VariableInHexadecimalFormat\03VariableInHexadecimalFormat.csproj", "{800668C9-0021-4CAB-B0DA-1D8C6F3113C6}"
EndProject
Project("{FAE04EC0-301F-11D3-BF4B-00C04F79EFBC}") = "04UnicodeCharacter", "04UnicodeCharacter\04UnicodeCharacter.csproj", "{E21FD188-4859-4757-8353-122F7771A914}"
EndProject
Project("{FAE04EC0-301F-11D3-BF4B-00C04F79EFBC}") = "05BooleanVariable", "05BooleanVariable\05BooleanVariable.csproj", "{F3F33094-871C-40F3-9C44-58D84BA01B6A}"
EndProject
Project("{FAE04EC0-301F-11D3-BF4B-00C04F79EFBC}") = "06StringsAndObjects", "06StringsAndObjects\06StringsAndObjects.csproj", "{2030B1AA-4C33-4AEB-87A7-269735EB0F1A}"
EndProject
Project("{FAE04EC0-301F-11D3-BF4B-00C04F79EFBC}") = "07QuotesInStrings", "07QuotesInStrings\07QuotesInStrings.csproj", "{83137C25-1D43-4063-B4B5-A9072187533E}"
EndProject
Project("{FAE04EC0-301F-11D3-BF4B-00C04F79EFBC}") = "08IsoscelesTriangle", "08IsoscelesTriangle\08IsoscelesTriangle.csproj", "{AB6149E6-C844-48C5-AD0E-A39F9A4CEBE9}"
EndProject
Project("{FAE04EC0-301F-11D3-BF4B-00C04F79EFBC}") = "08IsoscelesTriangleVersionTwo", "08IsoscelesTriangleVersionTwo\08IsoscelesTriangleVersionTwo.csproj", "{AFD55635-CE9F-4221-85AA-959A61A7BD2C}"
EndProject
Project("{FAE04EC0-301F-11D3-BF4B-00C04F79EFBC}") = "09ExchangeVariableValues", "09ExchangeVariableValues\09ExchangeVariableValues.csproj", "{F8F7B119-4E82-4BCC-B4C9-D2F8D51D423D}"
EndProject
Project("{FAE04EC0-301F-11D3-BF4B-00C04F79EFBC}") = "10EmployeeData", "10EmployeeData\10EmployeeData.csproj", "{DADCD7AC-1A3A-4B91-A0D2-C3BE5FD5C472}"
EndProject
Project("{FAE04EC0-301F-11D3-BF4B-00C04F79EFBC}") = "11BankAccountData", "11BankAccountData\11BankAccountData.csproj", "{41462EFE-87F0-4E99-8796-A59A65197A17}"
EndProject
Project("{FAE04EC0-301F-11D3-BF4B-00C04F79EFBC}") = "12NullValuesArithmetic", "12NullValuesArithmetic\12NullValuesArithmetic.csproj", "{97781640-2664-452F-8FBD-60294869CB8B}"
EndProject
Project("{FAE04EC0-301F-11D3-BF4B-00C04F79EFBC}") = "13ComparingFloats", "13ComparingFloats\13ComparingFloats.csproj", "{BA1C1E19-C0F7-4E60-967A-91E5FD0917BA}"
EndProject
Project("{FAE04EC0-301F-11D3-BF4B-00C04F79EFBC}") = "14PrintTheASCIITable", "14PrintTheASCIITable\14PrintTheASCIITable.csproj", "{7C39926D-8786-4FC7-8652-D872C8DFB76A}"
EndProject
Global
	GlobalSection(SolutionConfigurationPlatforms) = preSolution
		Debug|Any CPU = Debug|Any CPU
		Release|Any CPU = Release|Any CPU
	EndGlobalSection
	GlobalSection(ProjectConfigurationPlatforms) = postSolution
		{2D4260EC-9295-40E9-A81C-09ADCFD8CA32}.Debug|Any CPU.ActiveCfg = Debug|Any CPU
		{2D4260EC-9295-40E9-A81C-09ADCFD8CA32}.Debug|Any CPU.Build.0 = Debug|Any CPU
		{2D4260EC-9295-40E9-A81C-09ADCFD8CA32}.Release|Any CPU.ActiveCfg = Release|Any CPU
		{2D4260EC-9295-40E9-A81C-09ADCFD8CA32}.Release|Any CPU.Build.0 = Release|Any CPU
		{2E656749-A06D-44DC-996F-573566BCB913}.Debug|Any CPU.ActiveCfg = Debug|Any CPU
		{2E656749-A06D-44DC-996F-573566BCB913}.Debug|Any CPU.Build.0 = Debug|Any CPU
		{2E656749-A06D-44DC-996F-573566BCB913}.Release|Any CPU.ActiveCfg = Release|Any CPU
		{2E656749-A06D-44DC-996F-573566BCB913}.Release|Any CPU.Build.0 = Release|Any CPU
		{800668C9-0021-4CAB-B0DA-1D8C6F3113C6}.Debug|Any CPU.ActiveCfg = Debug|Any CPU
		{800668C9-0021-4CAB-B0DA-1D8C6F3113C6}.Debug|Any CPU.Build.0 = Debug|Any CPU
		{800668C9-0021-4CAB-B0DA-1D8C6F3113C6}.Release|Any CPU.ActiveCfg = Release|Any CPU
		{800668C9-0021-4CAB-B0DA-1D8C6F3113C6}.Release|Any CPU.Build.0 = Release|Any CPU
		{E21FD188-4859-4757-8353-122F7771A914}.Debug|Any CPU.ActiveCfg = Debug|Any CPU
		{E21FD188-4859-4757-8353-122F7771A914}.Debug|Any CPU.Build.0 = Debug|Any CPU
		{E21FD188-4859-4757-8353-122F7771A914}.Release|Any CPU.ActiveCfg = Release|Any CPU
		{E21FD188-4859-4757-8353-122F7771A914}.Release|Any CPU.Build.0 = Release|Any CPU
		{F3F33094-871C-40F3-9C44-58D84BA01B6A}.Debug|Any CPU.ActiveCfg = Debug|Any CPU
		{F3F33094-871C-40F3-9C44-58D84BA01B6A}.Debug|Any CPU.Build.0 = Debug|Any CPU
		{F3F33094-871C-40F3-9C44-58D84BA01B6A}.Release|Any CPU.ActiveCfg = Release|Any CPU
		{F3F33094-871C-40F3-9C44-58D84BA01B6A}.Release|Any CPU.Build.0 = Release|Any CPU
		{2030B1AA-4C33-4AEB-87A7-269735EB0F1A}.Debug|Any CPU.ActiveCfg = Debug|Any CPU
		{2030B1AA-4C33-4AEB-87A7-269735EB0F1A}.Debug|Any CPU.Build.0 = Debug|Any CPU
		{2030B1AA-4C33-4AEB-87A7-269735EB0F1A}.Release|Any CPU.ActiveCfg = Release|Any CPU
		{2030B1AA-4C33-4AEB-87A7-269735EB0F1A}.Release|Any CPU.Build.0 = Release|Any CPU
		{83137C25-1D43-4063-B4B5-A9072187533E}.Debug|Any CPU.ActiveCfg = Debug|Any CPU
		{83137C25-1D43-4063-B4B5-A9072187533E}.Debug|Any CPU.Build.0 = Debug|Any CPU
		{83137C25-1D43-4063-B4B5-A9072187533E}.Release|Any CPU.ActiveCfg = Release|Any CPU
		{83137C25-1D43-4063-B4B5-A9072187533E}.Release|Any CPU.Build.0 = Release|Any CPU
		{AB6149E6-C844-48C5-AD0E-A39F9A4CEBE9}.Debug|Any CPU.ActiveCfg = Debug|Any CPU
		{AB6149E6-C844-48C5-AD0E-A39F9A4CEBE9}.Debug|Any CPU.Build.0 = Debug|Any CPU
		{AB6149E6-C844-48C5-AD0E-A39F9A4CEBE9}.Release|Any CPU.ActiveCfg = Release|Any CPU
		{AB6149E6-C844-48C5-AD0E-A39F9A4CEBE9}.Release|Any CPU.Build.0 = Release|Any CPU
		{AFD55635-CE9F-4221-85AA-959A61A7BD2C}.Debug|Any CPU.ActiveCfg = Debug|Any CPU
		{AFD55635-CE9F-4221-85AA-959A61A7BD2C}.Debug|Any CPU.Build.0 = Debug|Any CPU
		{AFD55635-CE9F-4221-85AA-959A61A7BD2C}.Release|Any CPU.ActiveCfg = Release|Any CPU
		{AFD55635-CE9F-4221-85AA-959A61A7BD2C}.Release|Any CPU.Build.0 = Release|Any CPU
		{F8F7B119-4E82-4BCC-B4C9-D2F8D51D423D}.Debug|Any CPU.ActiveCfg = Debug|Any CPU
		{F8F7B119-4E82-4BCC-B4C9-D2F8D51D423D}.Debug|Any CPU.Build.0 = Debug|Any CPU
		{F8F7B119-4E82-4BCC-B4C9-D2F8D51D423D}.Release|Any CPU.ActiveCfg = Release|Any CPU
		{F8F7B119-4E82-4BCC-B4C9-D2F8D51D423D}.Release|Any CPU.Build.0 = Release|Any CPU
		{DADCD7AC-1A3A-4B91-A0D2-C3BE5FD5C472}.Debug|Any CPU.ActiveCfg = Debug|Any CPU
		{DADCD7AC-1A3A-4B91-A0D2-C3BE5FD5C472}.Debug|Any CPU.Build.0 = Debug|Any CPU
		{DADCD7AC-1A3A-4B91-A0D2-C3BE5FD5C472}.Release|Any CPU.ActiveCfg = Release|Any CPU
		{DADCD7AC-1A3A-4B91-A0D2-C3BE5FD5C472}.Release|Any CPU.Build.0 = Release|Any CPU
		{41462EFE-87F0-4E99-8796-A59A65197A17}.Debug|Any CPU.ActiveCfg = Debug|Any CPU
		{41462EFE-87F0-4E99-8796-A59A65197A17}.Debug|Any CPU.Build.0 = Debug|Any CPU
		{41462EFE-87F0-4E99-8796-A59A65197A17}.Release|Any CPU.ActiveCfg = Release|Any CPU
		{41462EFE-87F0-4E99-8796-A59A65197A17}.Release|Any CPU.Build.0 = Release|Any CPU
		{97781640-2664-452F-8FBD-60294869CB8B}.Debug|Any CPU.ActiveCfg = Debug|Any CPU
		{97781640-2664-452F-8FBD-60294869CB8B}.Debug|Any CPU.Build.0 = Debug|Any CPU
		{97781640-2664-452F-8FBD-60294869CB8B}.Release|Any CPU.ActiveCfg = Release|Any CPU
		{97781640-2664-452F-8FBD-60294869CB8B}.Release|Any CPU.Build.0 = Release|Any CPU
		{BA1C1E19-C0F7-4E60-967A-91E5FD0917BA}.Debug|Any CPU.ActiveCfg = Debug|Any CPU
		{BA1C1E19-C0F7-4E60-967A-91E5FD0917BA}.Debug|Any CPU.Build.0 = Debug|Any CPU
		{BA1C1E19-C0F7-4E60-967A-91E5FD0917BA}.Release|Any CPU.ActiveCfg = Release|Any CPU
		{BA1C1E19-C0F7-4E60-967A-91E5FD0917BA}.Release|Any CPU.Build.0 = Release|Any CPU
		{7C39926D-8786-4FC7-8652-D872C8DFB76A}.Debug|Any CPU.ActiveCfg = Debug|Any CPU
		{7C39926D-8786-4FC7-8652-D872C8DFB76A}.Debug|Any CPU.Build.0 = Debug|Any CPU
		{7C39926D-8786-4FC7-8652-D872C8DFB76A}.Release|Any CPU.ActiveCfg = Release|Any CPU
		{7C39926D-8786-4FC7-8652-D872C8DFB76A}.Release|Any CPU.Build.0 = Release|Any CPU
	EndGlobalSection
	GlobalSection(SolutionProperties) = preSolution
		HideSolutionNode = FALSE
	EndGlobalSection
EndGlobal
