
Microsoft Visual Studio Solution File, Format Version 12.00
# Visual Studio 2013
VisualStudioVersion = 12.0.31101.0
MinimumVisualStudioVersion = 10.0.40219.1
Project("{FAE04EC0-301F-11D3-BF4B-00C04F79EFBC}") = "04HelloWorld", "04HelloWorld\04HelloWorld.csproj", "{E016D234-0DA3-40EE-87DD-AF9262210178}"
EndProject
Project("{FAE04EC0-301F-11D3-BF4B-00C04F79EFBC}") = "05PrintYourName", "05PrintYourName\05PrintYourName.csproj", "{2B0325CC-1377-47F1-A2FF-DF1BFFF24E9E}"
EndProject
Project("{FAE04EC0-301F-11D3-BF4B-00C04F79EFBC}") = "06PrintNumbers", "06Print Numbers\06PrintNumbers.csproj", "{63B4F4E4-6396-455C-B60F-FBEDA829F9CF}"
EndProject
Project("{FAE04EC0-301F-11D3-BF4B-00C04F79EFBC}") = "07PrintFirstAndLastName", "07PrintFirstAndLastName\07PrintFirstAndLastName.csproj", "{CFC38BE1-F985-4BD1-91AA-191BAD7842A6}"
EndProject
Project("{FAE04EC0-301F-11D3-BF4B-00C04F79EFBC}") = "08SquareRoot", "08SquareRoot\08SquareRoot.csproj", "{9F95BB48-DEE6-456A-9FB9-0D57F4D882E4}"
EndProject
Project("{FAE04EC0-301F-11D3-BF4B-00C04F79EFBC}") = "09PrintASequence", "09PrintASequence\09PrintASequence.csproj", "{14977D77-0D96-428A-B3FD-F531113AA8E5}"
EndProject
Project("{FAE04EC0-301F-11D3-BF4B-00C04F79EFBC}") = "10ReformatCSharpCode", "10ReformatCSharpCode\10ReformatCSharpCode.csproj", "{6A172803-3CCD-44CF-9726-DCFB324BCCC3}"
EndProject
Project("{FAE04EC0-301F-11D3-BF4B-00C04F79EFBC}") = "14CurrentDateAndTime", "14CurrentDateAndTime\14CurrentDateAndTime.csproj", "{FBEEA285-2670-4681-BBE6-6FF3E9CB310C}"
EndProject
Project("{FAE04EC0-301F-11D3-BF4B-00C04F79EFBC}") = "15AgeAfterTenYears", "16AgeAfterTenYears\15AgeAfterTenYears.csproj", "{BD146BEB-3F8E-4229-ABC0-9E682BFE6C0F}"
EndProject
Project("{FAE04EC0-301F-11D3-BF4B-00C04F79EFBC}") = "16PrintLongSequence", "16PrintLongSequence\16PrintLongSequence.csproj", "{B23D8750-7175-4757-9728-D432654B78E5}"
EndProject
Global
	GlobalSection(SolutionConfigurationPlatforms) = preSolution
		Debug|Any CPU = Debug|Any CPU
		Release|Any CPU = Release|Any CPU
	EndGlobalSection
	GlobalSection(ProjectConfigurationPlatforms) = postSolution
		{E016D234-0DA3-40EE-87DD-AF9262210178}.Debug|Any CPU.ActiveCfg = Debug|Any CPU
		{E016D234-0DA3-40EE-87DD-AF9262210178}.Debug|Any CPU.Build.0 = Debug|Any CPU
		{E016D234-0DA3-40EE-87DD-AF9262210178}.Release|Any CPU.ActiveCfg = Release|Any CPU
		{E016D234-0DA3-40EE-87DD-AF9262210178}.Release|Any CPU.Build.0 = Release|Any CPU
		{2B0325CC-1377-47F1-A2FF-DF1BFFF24E9E}.Debug|Any CPU.ActiveCfg = Debug|Any CPU
		{2B0325CC-1377-47F1-A2FF-DF1BFFF24E9E}.Debug|Any CPU.Build.0 = Debug|Any CPU
		{2B0325CC-1377-47F1-A2FF-DF1BFFF24E9E}.Release|Any CPU.ActiveCfg = Release|Any CPU
		{2B0325CC-1377-47F1-A2FF-DF1BFFF24E9E}.Release|Any CPU.Build.0 = Release|Any CPU
		{63B4F4E4-6396-455C-B60F-FBEDA829F9CF}.Debug|Any CPU.ActiveCfg = Debug|Any CPU
		{63B4F4E4-6396-455C-B60F-FBEDA829F9CF}.Debug|Any CPU.Build.0 = Debug|Any CPU
		{63B4F4E4-6396-455C-B60F-FBEDA829F9CF}.Release|Any CPU.ActiveCfg = Release|Any CPU
		{63B4F4E4-6396-455C-B60F-FBEDA829F9CF}.Release|Any CPU.Build.0 = Release|Any CPU
		{CFC38BE1-F985-4BD1-91AA-191BAD7842A6}.Debug|Any CPU.ActiveCfg = Debug|Any CPU
		{CFC38BE1-F985-4BD1-91AA-191BAD7842A6}.Debug|Any CPU.Build.0 = Debug|Any CPU
		{CFC38BE1-F985-4BD1-91AA-191BAD7842A6}.Release|Any CPU.ActiveCfg = Release|Any CPU
		{CFC38BE1-F985-4BD1-91AA-191BAD7842A6}.Release|Any CPU.Build.0 = Release|Any CPU
		{9F95BB48-DEE6-456A-9FB9-0D57F4D882E4}.Debug|Any CPU.ActiveCfg = Debug|Any CPU
		{9F95BB48-DEE6-456A-9FB9-0D57F4D882E4}.Debug|Any CPU.Build.0 = Debug|Any CPU
		{9F95BB48-DEE6-456A-9FB9-0D57F4D882E4}.Release|Any CPU.ActiveCfg = Release|Any CPU
		{9F95BB48-DEE6-456A-9FB9-0D57F4D882E4}.Release|Any CPU.Build.0 = Release|Any CPU
		{14977D77-0D96-428A-B3FD-F531113AA8E5}.Debug|Any CPU.ActiveCfg = Debug|Any CPU
		{14977D77-0D96-428A-B3FD-F531113AA8E5}.Debug|Any CPU.Build.0 = Debug|Any CPU
		{14977D77-0D96-428A-B3FD-F531113AA8E5}.Release|Any CPU.ActiveCfg = Release|Any CPU
		{14977D77-0D96-428A-B3FD-F531113AA8E5}.Release|Any CPU.Build.0 = Release|Any CPU
		{6A172803-3CCD-44CF-9726-DCFB324BCCC3}.Debug|Any CPU.ActiveCfg = Debug|Any CPU
		{6A172803-3CCD-44CF-9726-DCFB324BCCC3}.Debug|Any CPU.Build.0 = Debug|Any CPU
		{6A172803-3CCD-44CF-9726-DCFB324BCCC3}.Release|Any CPU.ActiveCfg = Release|Any CPU
		{6A172803-3CCD-44CF-9726-DCFB324BCCC3}.Release|Any CPU.Build.0 = Release|Any CPU
		{FBEEA285-2670-4681-BBE6-6FF3E9CB310C}.Debug|Any CPU.ActiveCfg = Debug|Any CPU
		{FBEEA285-2670-4681-BBE6-6FF3E9CB310C}.Debug|Any CPU.Build.0 = Debug|Any CPU
		{FBEEA285-2670-4681-BBE6-6FF3E9CB310C}.Release|Any CPU.ActiveCfg = Release|Any CPU
		{FBEEA285-2670-4681-BBE6-6FF3E9CB310C}.Release|Any CPU.Build.0 = Release|Any CPU
		{BD146BEB-3F8E-4229-ABC0-9E682BFE6C0F}.Debug|Any CPU.ActiveCfg = Debug|Any CPU
		{BD146BEB-3F8E-4229-ABC0-9E682BFE6C0F}.Debug|Any CPU.Build.0 = Debug|Any CPU
		{BD146BEB-3F8E-4229-ABC0-9E682BFE6C0F}.Release|Any CPU.ActiveCfg = Release|Any CPU
		{BD146BEB-3F8E-4229-ABC0-9E682BFE6C0F}.Release|Any CPU.Build.0 = Release|Any CPU
		{B23D8750-7175-4757-9728-D432654B78E5}.Debug|Any CPU.ActiveCfg = Debug|Any CPU
		{B23D8750-7175-4757-9728-D432654B78E5}.Debug|Any CPU.Build.0 = Debug|Any CPU
		{B23D8750-7175-4757-9728-D432654B78E5}.Release|Any CPU.ActiveCfg = Release|Any CPU
		{B23D8750-7175-4757-9728-D432654B78E5}.Release|Any CPU.Build.0 = Release|Any CPU
	EndGlobalSection
	GlobalSection(SolutionProperties) = preSolution
		HideSolutionNode = FALSE
	EndGlobalSection
EndGlobal
